
Microsoft Visual Studio Solution File, Format Version 12.00
# Visual Studio Version 16
VisualStudioVersion = 16.0.29613.14
MinimumVisualStudioVersion = 10.0.40219.1
Project("{FAE04EC0-301F-11D3-BF4B-00C04F79EFBC}") = "X3Code.Infrastructure", "X3Code.Infrastructure\X3Code.Infrastructure.csproj", "{792420B9-90E5-4801-A3BF-117CF942431B}"
EndProject
Project("{FAE04EC0-301F-11D3-BF4B-00C04F79EFBC}") = "X3Code.Utils", "X3Code.Utils\X3Code.Utils.csproj", "{658290B6-686E-4A93-AB7A-F46381BEA008}"
EndProject
Project("{FAE04EC0-301F-11D3-BF4B-00C04F79EFBC}") = "X3Code.UnitTests", "X3Code.UnitTests\X3Code.UnitTests.csproj", "{57672103-3B4E-4431-B7DA-CD51EFEB9FCE}"
EndProject
Project("{FAE04EC0-301F-11D3-BF4B-00C04F79EFBC}") = "X3Code.Infrastructure.RavenDb", "X3Code.Infrastructure.RavenDb\X3Code.Infrastructure.RavenDb.csproj", "{216BCB04-6F17-4655-8DF5-B9EBD9E8BA66}"
EndProject
Project("{FAE04EC0-301F-11D3-BF4B-00C04F79EFBC}") = "X3Code.Infrastructure.Mobile", "X3Code.Infrastructure.Mobile\X3Code.Infrastructure.Mobile.csproj", "{4B99617F-0D1B-4D13-92EE-533483B88BDC}"
EndProject
Project("{FAE04EC0-301F-11D3-BF4B-00C04F79EFBC}") = "X3Code.Azure.Utils", "X3Code.Azure.Utils\X3Code.Azure.Utils.csproj", "{4CB89485-634F-4055-8AC1-13CFD1699021}"
EndProject
Global
	GlobalSection(SolutionConfigurationPlatforms) = preSolution
		Debug|Any CPU = Debug|Any CPU
		Release|Any CPU = Release|Any CPU
	EndGlobalSection
	GlobalSection(ProjectConfigurationPlatforms) = postSolution
		{792420B9-90E5-4801-A3BF-117CF942431B}.Debug|Any CPU.ActiveCfg = Debug|Any CPU
		{792420B9-90E5-4801-A3BF-117CF942431B}.Debug|Any CPU.Build.0 = Debug|Any CPU
		{792420B9-90E5-4801-A3BF-117CF942431B}.Release|Any CPU.ActiveCfg = Release|Any CPU
		{792420B9-90E5-4801-A3BF-117CF942431B}.Release|Any CPU.Build.0 = Release|Any CPU
		{658290B6-686E-4A93-AB7A-F46381BEA008}.Debug|Any CPU.ActiveCfg = Debug|Any CPU
		{658290B6-686E-4A93-AB7A-F46381BEA008}.Debug|Any CPU.Build.0 = Debug|Any CPU
		{658290B6-686E-4A93-AB7A-F46381BEA008}.Release|Any CPU.ActiveCfg = Release|Any CPU
		{658290B6-686E-4A93-AB7A-F46381BEA008}.Release|Any CPU.Build.0 = Release|Any CPU
		{57672103-3B4E-4431-B7DA-CD51EFEB9FCE}.Debug|Any CPU.ActiveCfg = Debug|Any CPU
		{57672103-3B4E-4431-B7DA-CD51EFEB9FCE}.Debug|Any CPU.Build.0 = Debug|Any CPU
		{57672103-3B4E-4431-B7DA-CD51EFEB9FCE}.Release|Any CPU.ActiveCfg = Release|Any CPU
		{57672103-3B4E-4431-B7DA-CD51EFEB9FCE}.Release|Any CPU.Build.0 = Release|Any CPU
		{216BCB04-6F17-4655-8DF5-B9EBD9E8BA66}.Debug|Any CPU.ActiveCfg = Debug|Any CPU
		{216BCB04-6F17-4655-8DF5-B9EBD9E8BA66}.Debug|Any CPU.Build.0 = Debug|Any CPU
		{216BCB04-6F17-4655-8DF5-B9EBD9E8BA66}.Release|Any CPU.ActiveCfg = Release|Any CPU
		{216BCB04-6F17-4655-8DF5-B9EBD9E8BA66}.Release|Any CPU.Build.0 = Release|Any CPU
		{4B99617F-0D1B-4D13-92EE-533483B88BDC}.Debug|Any CPU.ActiveCfg = Debug|Any CPU
		{4B99617F-0D1B-4D13-92EE-533483B88BDC}.Debug|Any CPU.Build.0 = Debug|Any CPU
		{4B99617F-0D1B-4D13-92EE-533483B88BDC}.Release|Any CPU.ActiveCfg = Release|Any CPU
		{4B99617F-0D1B-4D13-92EE-533483B88BDC}.Release|Any CPU.Build.0 = Release|Any CPU
		{4CB89485-634F-4055-8AC1-13CFD1699021}.Debug|Any CPU.ActiveCfg = Debug|Any CPU
		{4CB89485-634F-4055-8AC1-13CFD1699021}.Debug|Any CPU.Build.0 = Debug|Any CPU
		{4CB89485-634F-4055-8AC1-13CFD1699021}.Release|Any CPU.ActiveCfg = Release|Any CPU
		{4CB89485-634F-4055-8AC1-13CFD1699021}.Release|Any CPU.Build.0 = Release|Any CPU
	EndGlobalSection
	GlobalSection(SolutionProperties) = preSolution
		HideSolutionNode = FALSE
	EndGlobalSection
	GlobalSection(ExtensibilityGlobals) = postSolution
		SolutionGuid = {4B7D43C5-2BBD-4A28-ADE2-77A7F08C1AFF}
	EndGlobalSection
EndGlobal
